
Microsoft Visual Studio Solution File, Format Version 12.00
# Visual Studio Version 16
VisualStudioVersion = 16.0.30804.86
MinimumVisualStudioVersion = 10.0.40219.1
Project("{2150E333-8FDC-42A3-9474-1A3956D46DE8}") = "WinForms", "WinForms", "{B04B8775-B1EA-4C53-8F72-5EAEF667E7D4}"
EndProject
Project("{2150E333-8FDC-42A3-9474-1A3956D46DE8}") = "WPF", "WPF", "{0F1FC8F2-3ED5-43FC-B9F4-D767766F0F6A}"
EndProject
Project("{FAE04EC0-301F-11D3-BF4B-00C04F79EFBC}") = "Ders1_Ornek", "Ders1_Ornek\Ders1_Ornek.csproj", "{BCE1D662-322F-4EBB-AD86-7C5B0E808EED}"
EndProject
Project("{FAE04EC0-301F-11D3-BF4B-00C04F79EFBC}") = "Ders2_HesapMakinesi", "Ders2_HesapMakinesi\Ders2_HesapMakinesi.csproj", "{A44A4DB0-D984-4E0B-A82D-2CA294FF4333}"
EndProject
Project("{FAE04EC0-301F-11D3-BF4B-00C04F79EFBC}") = "Ders3_ListeKutusu", "Ders3_ListeKutusu\Ders3_ListeKutusu.csproj", "{B4FBEEAC-0394-43E9-8DDC-46016CCBBF77}"
EndProject
Project("{FAE04EC0-301F-11D3-BF4B-00C04F79EFBC}") = "Ders4_MenuListesi", "Ders4_MenuListesi\Ders4_MenuListesi.csproj", "{3B5E9D7B-3658-41CB-9AEA-920BBC923E02}"
EndProject
Project("{FAE04EC0-301F-11D3-BF4B-00C04F79EFBC}") = "Ders5_AcilirListeKutusu", "Ders5_AcilirListeKutusu\Ders5_AcilirListeKutusu.csproj", "{2E4DE008-5724-4D15-BA37-F4E9378C1801}"
EndProject
Project("{FAE04EC0-301F-11D3-BF4B-00C04F79EFBC}") = "Ders6_AgacPanel", "Ders6_AgacPanel\Ders6_AgacPanel.csproj", "{6D76E705-DB85-4458-AA0E-001FB3B85918}"
EndProject
Global
	GlobalSection(SolutionConfigurationPlatforms) = preSolution
		Debug|Any CPU = Debug|Any CPU
		Release|Any CPU = Release|Any CPU
	EndGlobalSection
	GlobalSection(ProjectConfigurationPlatforms) = postSolution
		{BCE1D662-322F-4EBB-AD86-7C5B0E808EED}.Debug|Any CPU.ActiveCfg = Debug|Any CPU
		{BCE1D662-322F-4EBB-AD86-7C5B0E808EED}.Debug|Any CPU.Build.0 = Debug|Any CPU
		{BCE1D662-322F-4EBB-AD86-7C5B0E808EED}.Release|Any CPU.ActiveCfg = Release|Any CPU
		{BCE1D662-322F-4EBB-AD86-7C5B0E808EED}.Release|Any CPU.Build.0 = Release|Any CPU
		{A44A4DB0-D984-4E0B-A82D-2CA294FF4333}.Debug|Any CPU.ActiveCfg = Debug|Any CPU
		{A44A4DB0-D984-4E0B-A82D-2CA294FF4333}.Debug|Any CPU.Build.0 = Debug|Any CPU
		{A44A4DB0-D984-4E0B-A82D-2CA294FF4333}.Release|Any CPU.ActiveCfg = Release|Any CPU
		{A44A4DB0-D984-4E0B-A82D-2CA294FF4333}.Release|Any CPU.Build.0 = Release|Any CPU
		{B4FBEEAC-0394-43E9-8DDC-46016CCBBF77}.Debug|Any CPU.ActiveCfg = Debug|Any CPU
		{B4FBEEAC-0394-43E9-8DDC-46016CCBBF77}.Debug|Any CPU.Build.0 = Debug|Any CPU
		{B4FBEEAC-0394-43E9-8DDC-46016CCBBF77}.Release|Any CPU.ActiveCfg = Release|Any CPU
		{B4FBEEAC-0394-43E9-8DDC-46016CCBBF77}.Release|Any CPU.Build.0 = Release|Any CPU
		{3B5E9D7B-3658-41CB-9AEA-920BBC923E02}.Debug|Any CPU.ActiveCfg = Debug|Any CPU
		{3B5E9D7B-3658-41CB-9AEA-920BBC923E02}.Debug|Any CPU.Build.0 = Debug|Any CPU
		{3B5E9D7B-3658-41CB-9AEA-920BBC923E02}.Release|Any CPU.ActiveCfg = Release|Any CPU
		{3B5E9D7B-3658-41CB-9AEA-920BBC923E02}.Release|Any CPU.Build.0 = Release|Any CPU
		{2E4DE008-5724-4D15-BA37-F4E9378C1801}.Debug|Any CPU.ActiveCfg = Debug|Any CPU
		{2E4DE008-5724-4D15-BA37-F4E9378C1801}.Debug|Any CPU.Build.0 = Debug|Any CPU
		{2E4DE008-5724-4D15-BA37-F4E9378C1801}.Release|Any CPU.ActiveCfg = Release|Any CPU
		{2E4DE008-5724-4D15-BA37-F4E9378C1801}.Release|Any CPU.Build.0 = Release|Any CPU
		{6D76E705-DB85-4458-AA0E-001FB3B85918}.Debug|Any CPU.ActiveCfg = Debug|Any CPU
		{6D76E705-DB85-4458-AA0E-001FB3B85918}.Debug|Any CPU.Build.0 = Debug|Any CPU
		{6D76E705-DB85-4458-AA0E-001FB3B85918}.Release|Any CPU.ActiveCfg = Release|Any CPU
		{6D76E705-DB85-4458-AA0E-001FB3B85918}.Release|Any CPU.Build.0 = Release|Any CPU
	EndGlobalSection
	GlobalSection(SolutionProperties) = preSolution
		HideSolutionNode = FALSE
	EndGlobalSection
	GlobalSection(NestedProjects) = preSolution
		{BCE1D662-322F-4EBB-AD86-7C5B0E808EED} = {B04B8775-B1EA-4C53-8F72-5EAEF667E7D4}
		{A44A4DB0-D984-4E0B-A82D-2CA294FF4333} = {B04B8775-B1EA-4C53-8F72-5EAEF667E7D4}
		{B4FBEEAC-0394-43E9-8DDC-46016CCBBF77} = {B04B8775-B1EA-4C53-8F72-5EAEF667E7D4}
		{3B5E9D7B-3658-41CB-9AEA-920BBC923E02} = {B04B8775-B1EA-4C53-8F72-5EAEF667E7D4}
		{2E4DE008-5724-4D15-BA37-F4E9378C1801} = {B04B8775-B1EA-4C53-8F72-5EAEF667E7D4}
		{6D76E705-DB85-4458-AA0E-001FB3B85918} = {B04B8775-B1EA-4C53-8F72-5EAEF667E7D4}
	EndGlobalSection
	GlobalSection(ExtensibilityGlobals) = postSolution
		SolutionGuid = {EBEA5F54-6115-4315-9614-35C679F67B25}
	EndGlobalSection
EndGlobal
